{
  "name": "host",
  "version": "0.0.1",
  "lockfileVersion": 1,
  "requires": true,
  "dependencies": {
    "extendscript-es6-shim": {
      "version": "0.1.1",
      "resolved": "https://registry.npmjs.org/extendscript-es6-shim/-/extendscript-es6-shim-0.1.1.tgz",
      "integrity": "sha512-ECEMH/Bq/NTfrLUnhT+ylTIYQ/fTPeD0DznaQSbhzQssHChN/7j6C2ITheIfO97AZK4pZGz6Gm9rHrTQMtabbw=="
    },
    "moment": {
      "version": "2.24.0",
      "resolved": "https://registry.npmjs.org/moment/-/moment-2.24.0.tgz",
      "integrity": "sha512-bV7f+6l2QigeBBZSM/6yTNq4P2fNpSWj/0e7jQcy87A8e7o2nAfP/34/2ky5Vw4B9S446EtIhodAzkFCcR4dQg=="
    }
  }
}
