{
  "name": "host",
  "version": "0.0.1",
  "lockfileVersion": 1,
  "requires": true,
  "dependencies": {
    "extendscript-es6-shim": {
      "version": "0.1.1",
      "resolved": "https://registry.npmjs.org/extendscript-es6-shim/-/extendscript-es6-shim-0.1.1.tgz",
      "integrity": "sha512-ECEMH/Bq/NTfrLUnhT+ylTIYQ/fTPeD0DznaQSbhzQssHChN/7j6C2ITheIfO97AZK4pZGz6Gm9rHrTQMtabbw=="
    },
    "moment": {
      "version": "2.29.2",
      "resolved": "https://registry.npmjs.org/moment/-/moment-2.29.2.tgz",
      "integrity": "sha512-UgzG4rvxYpN15jgCmVJwac49h9ly9NurikMWGPdVxm8GZD6XjkKPxDTjQQ43gtGgnV3X0cAyWDdP2Wexoquifg=="
    }
  }
}
